
Microsoft Visual Studio Solution File, Format Version 12.00
# Visual Studio 15
VisualStudioVersion = 15.0.28307.329
MinimumVisualStudioVersion = 10.0.40219.1
Project("{FAE04EC0-301F-11D3-BF4B-00C04F79EFBC}") = "Task 1", "Task 1\Task 1.csproj", "{74B32F55-C8BA-465A-A634-8C211A072958}"
EndProject
Global
	GlobalSection(SolutionConfigurationPlatforms) = preSolution
		Debug|Any CPU = Debug|Any CPU
		Release|Any CPU = Release|Any CPU
	EndGlobalSection
	GlobalSection(ProjectConfigurationPlatforms) = postSolution
		{74B32F55-C8BA-465A-A634-8C211A072958}.Debug|Any CPU.ActiveCfg = Debug|Any CPU
		{74B32F55-C8BA-465A-A634-8C211A072958}.Debug|Any CPU.Build.0 = Debug|Any CPU
		{74B32F55-C8BA-465A-A634-8C211A072958}.Release|Any CPU.ActiveCfg = Release|Any CPU
		{74B32F55-C8BA-465A-A634-8C211A072958}.Release|Any CPU.Build.0 = Release|Any CPU
	EndGlobalSection
	GlobalSection(SolutionProperties) = preSolution
		HideSolutionNode = FALSE
	EndGlobalSection
	GlobalSection(ExtensibilityGlobals) = postSolution
		SolutionGuid = {803F2F6B-A2D6-448D-9AB3-03D9C95A6994}
	EndGlobalSection
EndGlobal
